<?xml version="1.0" encoding="UTF-8"?>
<CONFIG>
  <ProjectOptions>
    <Version Value="12"/>
    <General>
      <SessionStorage Value="InProjectDir"/>
      <Title Value="iBroadcast"/>
      <Scaled Value="True"/>
      <ResourceType Value="res"/>
      <UseXPManifest Value="True"/>
      <XPManifest>
        <DpiAware Value="True"/>
      </XPManifest>
      <Icon Value="0"/>
    </General>
    <BuildModes>
      <Item Name="Default" Default="True"/>
      <Item Name="Debug">
        <CompilerOptions>
          <Version Value="11"/>
          <Target>
            <Filename Value="iBroadcast"/>
          </Target>
          <SearchPaths>
            <IncludeFiles Value="$(ProjOutDir)"/>
            <OtherUnitFiles Value="C:/Users/Codrut/Sync/Development/Lazarus/Components/Indy/Lib/System/;../../Sync/Development/Lazarus/Components/Indy/Lib/Protocols;../../Sync/Development/Lazarus/Components/Indy/Lib/Security;../../Sync/Development/Lazarus/Components/Indy/Lib/Core;../../Sync/Development/Lazarus/Components/Delphi-BASS-main/BassVersions/BASS/Core;../../Sync/Development/Lazarus/Components/Delphi-BASS-main/BassVersions/BASS/Add-ons;../Cod-Library-Pack/source;units;Forms"/>
            <UnitOutputDirectory Value="lib/$(TargetCPU)-$(TargetOS)"/>
          </SearchPaths>
          <Parsing>
            <SyntaxOptions>
              <IncludeAssertionCode Value="True"/>
            </SyntaxOptions>
          </Parsing>
          <CodeGeneration>
            <Checks>
              <IOChecks Value="True"/>
              <RangeChecks Value="True"/>
              <OverflowChecks Value="True"/>
              <StackChecks Value="True"/>
            </Checks>
            <VerifyObjMethodCallValidity Value="True"/>
          </CodeGeneration>
          <Linking>
            <Debugging>
              <DebugInfoType Value="dsDwarf3"/>
              <UseHeaptrc Value="True"/>
              <TrashVariables Value="True"/>
              <UseExternalDbgSyms Value="True"/>
            </Debugging>
            <Options>
              <Win32>
                <GraphicApplication Value="True"/>
              </Win32>
            </Options>
          </Linking>
          <Other>
            <CustomOptions Value="-dSTRINGCOMPATABILITY"/>
          </Other>
        </CompilerOptions>
      </Item>
      <Item Name="Release">
        <CompilerOptions>
          <Version Value="11"/>
          <Target>
            <Filename Value="iBroadcast"/>
          </Target>
          <SearchPaths>
            <IncludeFiles Value="$(ProjOutDir)"/>
            <OtherUnitFiles Value="C:/Users/Codrut/Sync/Development/Lazarus/Components/Indy/Lib/System/;../../Sync/Development/Lazarus/Components/Indy/Lib/Protocols;../../Sync/Development/Lazarus/Components/Indy/Lib/Security;../../Sync/Development/Lazarus/Components/Indy/Lib/Core;../../Sync/Development/Lazarus/Components/Delphi-BASS-main/BassVersions/BASS/Core;../../Sync/Development/Lazarus/Components/Delphi-BASS-main/BassVersions/BASS/Add-ons;../Cod-Library-Pack/source;units;Forms"/>
            <UnitOutputDirectory Value="lib/$(TargetCPU)-$(TargetOS)"/>
          </SearchPaths>
          <CodeGeneration>
            <SmartLinkUnit Value="True"/>
            <Optimizations>
              <OptimizationLevel Value="3"/>
            </Optimizations>
          </CodeGeneration>
          <Linking>
            <Debugging>
              <GenerateDebugInfo Value="False"/>
              <DebugInfoType Value="dsDwarf2Set"/>
            </Debugging>
            <LinkSmart Value="True"/>
            <Options>
              <Win32>
                <GraphicApplication Value="True"/>
              </Win32>
            </Options>
          </Linking>
          <Other>
            <CustomOptions Value="-dSTRINGCOMPATABILITY"/>
            <OtherDefines Count="1">
              <Define0 Value="STRINGCOMPATABILITY"/>
            </OtherDefines>
          </Other>
        </CompilerOptions>
      </Item>
    </BuildModes>
    <PublishOptions>
      <Version Value="2"/>
      <UseFileFilters Value="True"/>
    </PublishOptions>
    <RunParams>
      <FormatVersion Value="2"/>
    </RunParams>
    <RequiredPackages>
      <Item>
        <PackageName Value="uniqueinstance_package"/>
      </Item>
      <Item>
        <PackageName Value="indylaz"/>
      </Item>
      <Item>
        <PackageName Value="LCL"/>
      </Item>
    </RequiredPackages>
    <Units>
      <Unit>
        <Filename Value="iBroadcast.lpr"/>
        <IsPartOfProject Value="True"/>
      </Unit>
      <Unit>
        <Filename Value="mainui.pas"/>
        <IsPartOfProject Value="True"/>
        <ComponentName Value="Main"/>
        <HasResources Value="True"/>
        <ResourceBaseClass Value="Form"/>
        <UnitName Value="MainUI"/>
      </Unit>
      <Unit>
        <Filename Value="Forms/createplaylistform.pas"/>
        <IsPartOfProject Value="True"/>
        <ComponentName Value="CreatePlaylist"/>
        <HasResources Value="True"/>
        <ResourceBaseClass Value="Form"/>
      </Unit>
      <Unit>
        <Filename Value="Forms/popupplayform.pas"/>
        <IsPartOfProject Value="True"/>
        <ComponentName Value="PopupPlay"/>
        <HasResources Value="True"/>
        <ResourceBaseClass Value="Form"/>
        <UnitName Value="PopupPlayForm"/>
      </Unit>
      <Unit>
        <Filename Value="Forms/shutdownform.pas"/>
        <IsPartOfProject Value="True"/>
        <ComponentName Value="shutdown"/>
        <HasResources Value="True"/>
        <ResourceBaseClass Value="Form"/>
      </Unit>
      <Unit>
        <Filename Value="Forms/about.pas"/>
        <IsPartOfProject Value="True"/>
        <ComponentName Value="AboutDialog"/>
        <HasResources Value="True"/>
        <ResourceBaseClass Value="Form"/>
        <UnitName Value="About"/>
      </Unit>
      <Unit>
        <Filename Value="Forms/about.lfm"/>
        <IsPartOfProject Value="True"/>
      </Unit>
      <Unit>
        <Filename Value="units/HashFunctions.pas"/>
        <IsPartOfProject Value="True"/>
      </Unit>
      <Unit>
        <Filename Value="units/libdefine.pas"/>
        <IsPartOfProject Value="True"/>
        <UnitName Value="LibDefine"/>
      </Unit>
    </Units>
  </ProjectOptions>
  <CompilerOptions>
    <Version Value="11"/>
    <Target>
      <Filename Value="iBroadcast"/>
    </Target>
    <SearchPaths>
      <IncludeFiles Value="$(ProjOutDir)"/>
      <OtherUnitFiles Value="C:/Users/Codrut/Sync/Development/Lazarus/Components/Indy/Lib/System/;../../Sync/Development/Lazarus/Components/Indy/Lib/Protocols;../../Sync/Development/Lazarus/Components/Indy/Lib/Security;../../Sync/Development/Lazarus/Components/Indy/Lib/Core;../../Sync/Development/Lazarus/Components/Delphi-BASS-main/BassVersions/BASS/Core;../../Sync/Development/Lazarus/Components/Delphi-BASS-main/BassVersions/BASS/Add-ons;../Cod-Library-Pack/source;units;Forms"/>
      <UnitOutputDirectory Value="lib/$(TargetCPU)-$(TargetOS)"/>
    </SearchPaths>
    <Linking>
      <Debugging>
        <DebugInfoType Value="dsDwarf2Set"/>
      </Debugging>
      <Options>
        <Win32>
          <GraphicApplication Value="True"/>
        </Win32>
      </Options>
    </Linking>
    <Other>
      <CustomOptions Value="-dSTRINGCOMPATABILITY"/>
      <OtherDefines Count="1">
        <Define0 Value="STRINGCOMPATABILITY"/>
      </OtherDefines>
    </Other>
  </CompilerOptions>
  <Debugging>
    <Exceptions>
      <Item>
        <Name Value="EAbort"/>
      </Item>
      <Item>
        <Name Value="ECodetoolError"/>
      </Item>
      <Item>
        <Name Value="EFOpenError"/>
      </Item>
      <Item>
        <Name Value="EFCreateError"/>
      </Item>
      <Item>
        <Name Value="EIdSocketError"/>
      </Item>
    </Exceptions>
  </Debugging>
</CONFIG>
